
Microsoft Visual Studio Solution File, Format Version 12.00
# Visual Studio Version 17
VisualStudioVersion = 17.3.32922.545
MinimumVisualStudioVersion = 10.0.40219.1
Project("{FAE04EC0-301F-11D3-BF4B-00C04F79EFBC}") = "Rencata - Quiz Programme", "Rencata - Quiz Programme.csproj", "{347A35B6-07AC-48FA-AD52-84E7B3C091E0}"
EndProject
Global
	GlobalSection(SolutionConfigurationPlatforms) = preSolution
		Debug|Any CPU = Debug|Any CPU
		Release|Any CPU = Release|Any CPU
	EndGlobalSection
	GlobalSection(ProjectConfigurationPlatforms) = postSolution
		{347A35B6-07AC-48FA-AD52-84E7B3C091E0}.Debug|Any CPU.ActiveCfg = Debug|Any CPU
		{347A35B6-07AC-48FA-AD52-84E7B3C091E0}.Debug|Any CPU.Build.0 = Debug|Any CPU
		{347A35B6-07AC-48FA-AD52-84E7B3C091E0}.Release|Any CPU.ActiveCfg = Release|Any CPU
		{347A35B6-07AC-48FA-AD52-84E7B3C091E0}.Release|Any CPU.Build.0 = Release|Any CPU
	EndGlobalSection
	GlobalSection(SolutionProperties) = preSolution
		HideSolutionNode = FALSE
	EndGlobalSection
	GlobalSection(ExtensibilityGlobals) = postSolution
		SolutionGuid = {FB30A423-252D-43A1-AB46-764CC65ACD08}
	EndGlobalSection
EndGlobal
